
Microsoft Visual Studio Solution File, Format Version 11.00
# Visual Studio 2010
Project("{2150E333-8FDC-42A3-9474-1A3956D46DE8}") = ".nuget", ".nuget", "{2683B672-5644-4E71-9807-CF9DDD357154}"
	ProjectSection(SolutionItems) = preProject
		.nuget\NuGet.Config = .nuget\NuGet.Config
		.nuget\NuGet.exe = .nuget\NuGet.exe
		.nuget\NuGet.targets = .nuget\NuGet.targets
	EndProjectSection
EndProject
Project("{2150E333-8FDC-42A3-9474-1A3956D46DE8}") = "src", "src", "{5B1B304A-2678-479D-A98D-CC2F94B37CDF}"
EndProject
Project("{F2A71F9B-5D33-465A-A702-920D77279786}") = "Alea.CUDA.Extension", "src\Alea.CUDA.Extension\Alea.CUDA.Extension.fsproj", "{AAC76230-0E14-4F65-8300-01CDF6388A1D}"
EndProject
Project("{2150E333-8FDC-42A3-9474-1A3956D46DE8}") = "test", "test", "{DE03025A-FA3F-47D9-A3A4-8F0F7A6DF45C}"
EndProject
Project("{F2A71F9B-5D33-465A-A702-920D77279786}") = "Test.Alea.CUDA.Extension", "test\Test.Alea.CUDA.Extension\Test.Alea.CUDA.Extension.fsproj", "{F4F4C49F-1D5B-4A1F-A01E-F0E95D09B3BC}"
EndProject
Project("{F2A71F9B-5D33-465A-A702-920D77279786}") = "GenSobolData", "src\GenSobolData\GenSobolData.fsproj", "{485D9835-04BD-4A8A-8E6F-D14ED4ED18F0}"
EndProject
Project("{2150E333-8FDC-42A3-9474-1A3956D46DE8}") = "sample", "sample", "{4F154050-BC76-42F1-8123-571053C4D71E}"
EndProject
Project("{F2A71F9B-5D33-465A-A702-920D77279786}") = "Plotting", "sample\Plotting\Plotting.fsproj", "{206CBFBD-473B-4D37-B732-25E0AA80FC4D}"
EndProject
Project("{F2A71F9B-5D33-465A-A702-920D77279786}") = "Alea.CUDA.Extension.Graphics.Direct3D9", "src\Alea.CUDA.Extension.Graphics.Direct3D9\Alea.CUDA.Extension.Graphics.Direct3D9.fsproj", "{0EDBC8FF-DD6A-49D4-8E76-5DF9B0B0A2D2}"
EndProject
Project("{F2A71F9B-5D33-465A-A702-920D77279786}") = "Alea.CUDA.Extension.Finance", "src\Alea.CUDA.Extension.Finance\Alea.CUDA.Extension.Finance.fsproj", "{FF4B6C27-82CC-43A8-AEFC-4D72F9FA5E5D}"
EndProject
Project("{F2A71F9B-5D33-465A-A702-920D77279786}") = "Test.Alea.CUDA.Extension.Finance", "test\Test.Alea.CUDA.Extension.Finance\Test.Alea.CUDA.Extension.Finance.fsproj", "{3083ADF8-6E31-4388-B86A-E5C606A4DDAA}"
EndProject
Project("{F2A71F9B-5D33-465A-A702-920D77279786}") = "Alea.CUDA.Extension.Random", "src\Alea.CUDA.Extension.Random\Alea.CUDA.Extension.Random.fsproj", "{69FA421A-94F1-4EB7-900A-227243593FDA}"
EndProject
Project("{F2A71F9B-5D33-465A-A702-920D77279786}") = "Test.Alea.CUDA.Extension.Random", "test\Test.Alea.CUDA.Extension.Random\Test.Alea.CUDA.Extension.Random.fsproj", "{828B864C-2522-48F5-A166-E44997131E6F}"
EndProject
Project("{F2A71F9B-5D33-465A-A702-920D77279786}") = "Alea.CUDA.Extension.MGPU", "src\Alea.CUDA.Extension.MGPU\Alea.CUDA.Extension.MGPU.fsproj", "{1C3AEBB6-252A-4310-98C7-4BBE659B25FE}"
EndProject
Project("{F2A71F9B-5D33-465A-A702-920D77279786}") = "Test.Alea.CUDA.Extension.MGPU", "test\Test.Alea.CUDA.Extension.MGPU\Test.Alea.CUDA.Extension.MGPU.fsproj", "{43734F54-F8B9-4DD5-8B7B-E0654D11960E}"
EndProject
Project("{F2A71F9B-5D33-465A-A702-920D77279786}") = "Alea.CUDA.Extension.Physics", "Alea.CUDA.Extension.Physics\Alea.CUDA.Extension.Physics.fsproj", "{B397AEDE-8A32-48E0-93DF-6D121990E6D8}"
EndProject
Project("{F2A71F9B-5D33-465A-A702-920D77279786}") = "Test.Alea.CUDA.Extension.Physics", "Test.Alea.CUDA.Extension.Physics\Test.Alea.CUDA.Extension.Physics.fsproj", "{12BA8AB1-ABBF-4D51-901B-FB20B42F55EF}"
EndProject
Global
	GlobalSection(SolutionConfigurationPlatforms) = preSolution
		Debug|Any CPU = Debug|Any CPU
		Debug|Mixed Platforms = Debug|Mixed Platforms
		Debug|Win32 = Debug|Win32
		Debug|x64 = Debug|x64
		Debug|x86 = Debug|x86
		Release|Any CPU = Release|Any CPU
		Release|Mixed Platforms = Release|Mixed Platforms
		Release|Win32 = Release|Win32
		Release|x64 = Release|x64
		Release|x86 = Release|x86
	EndGlobalSection
	GlobalSection(ProjectConfigurationPlatforms) = postSolution
		{AAC76230-0E14-4F65-8300-01CDF6388A1D}.Debug|Any CPU.ActiveCfg = Debug|Any CPU
		{AAC76230-0E14-4F65-8300-01CDF6388A1D}.Debug|Any CPU.Build.0 = Debug|Any CPU
		{AAC76230-0E14-4F65-8300-01CDF6388A1D}.Debug|Mixed Platforms.ActiveCfg = Debug|Any CPU
		{AAC76230-0E14-4F65-8300-01CDF6388A1D}.Debug|Mixed Platforms.Build.0 = Debug|Any CPU
		{AAC76230-0E14-4F65-8300-01CDF6388A1D}.Debug|Win32.ActiveCfg = Debug|x64
		{AAC76230-0E14-4F65-8300-01CDF6388A1D}.Debug|x64.ActiveCfg = Debug|Any CPU
		{AAC76230-0E14-4F65-8300-01CDF6388A1D}.Debug|x64.Build.0 = Debug|Any CPU
		{AAC76230-0E14-4F65-8300-01CDF6388A1D}.Debug|x86.ActiveCfg = Debug|Any CPU
		{AAC76230-0E14-4F65-8300-01CDF6388A1D}.Debug|x86.Build.0 = Debug|Any CPU
		{AAC76230-0E14-4F65-8300-01CDF6388A1D}.Release|Any CPU.ActiveCfg = Release|Any CPU
		{AAC76230-0E14-4F65-8300-01CDF6388A1D}.Release|Any CPU.Build.0 = Release|Any CPU
		{AAC76230-0E14-4F65-8300-01CDF6388A1D}.Release|Mixed Platforms.ActiveCfg = Release|Any CPU
		{AAC76230-0E14-4F65-8300-01CDF6388A1D}.Release|Mixed Platforms.Build.0 = Release|Any CPU
		{AAC76230-0E14-4F65-8300-01CDF6388A1D}.Release|Win32.ActiveCfg = Release|x64
		{AAC76230-0E14-4F65-8300-01CDF6388A1D}.Release|x64.ActiveCfg = Release|Any CPU
		{AAC76230-0E14-4F65-8300-01CDF6388A1D}.Release|x64.Build.0 = Release|Any CPU
		{AAC76230-0E14-4F65-8300-01CDF6388A1D}.Release|x86.ActiveCfg = Release|Any CPU
		{AAC76230-0E14-4F65-8300-01CDF6388A1D}.Release|x86.Build.0 = Release|Any CPU
		{F4F4C49F-1D5B-4A1F-A01E-F0E95D09B3BC}.Debug|Any CPU.ActiveCfg = Debug|Any CPU
		{F4F4C49F-1D5B-4A1F-A01E-F0E95D09B3BC}.Debug|Any CPU.Build.0 = Debug|Any CPU
		{F4F4C49F-1D5B-4A1F-A01E-F0E95D09B3BC}.Debug|Mixed Platforms.ActiveCfg = Debug|x86
		{F4F4C49F-1D5B-4A1F-A01E-F0E95D09B3BC}.Debug|Mixed Platforms.Build.0 = Debug|x86
		{F4F4C49F-1D5B-4A1F-A01E-F0E95D09B3BC}.Debug|Win32.ActiveCfg = Debug|x64
		{F4F4C49F-1D5B-4A1F-A01E-F0E95D09B3BC}.Debug|x64.ActiveCfg = Debug|x64
		{F4F4C49F-1D5B-4A1F-A01E-F0E95D09B3BC}.Debug|x64.Build.0 = Debug|x64
		{F4F4C49F-1D5B-4A1F-A01E-F0E95D09B3BC}.Debug|x86.ActiveCfg = Debug|x86
		{F4F4C49F-1D5B-4A1F-A01E-F0E95D09B3BC}.Debug|x86.Build.0 = Debug|x86
		{F4F4C49F-1D5B-4A1F-A01E-F0E95D09B3BC}.Release|Any CPU.ActiveCfg = Release|Any CPU
		{F4F4C49F-1D5B-4A1F-A01E-F0E95D09B3BC}.Release|Any CPU.Build.0 = Release|Any CPU
		{F4F4C49F-1D5B-4A1F-A01E-F0E95D09B3BC}.Release|Mixed Platforms.ActiveCfg = Release|x86
		{F4F4C49F-1D5B-4A1F-A01E-F0E95D09B3BC}.Release|Mixed Platforms.Build.0 = Release|x86
		{F4F4C49F-1D5B-4A1F-A01E-F0E95D09B3BC}.Release|Win32.ActiveCfg = Release|x64
		{F4F4C49F-1D5B-4A1F-A01E-F0E95D09B3BC}.Release|x64.ActiveCfg = Release|x64
		{F4F4C49F-1D5B-4A1F-A01E-F0E95D09B3BC}.Release|x64.Build.0 = Release|x64
		{F4F4C49F-1D5B-4A1F-A01E-F0E95D09B3BC}.Release|x86.ActiveCfg = Release|x86
		{F4F4C49F-1D5B-4A1F-A01E-F0E95D09B3BC}.Release|x86.Build.0 = Release|x86
		{485D9835-04BD-4A8A-8E6F-D14ED4ED18F0}.Debug|Any CPU.ActiveCfg = Debug|x86
		{485D9835-04BD-4A8A-8E6F-D14ED4ED18F0}.Debug|Mixed Platforms.ActiveCfg = Debug|x86
		{485D9835-04BD-4A8A-8E6F-D14ED4ED18F0}.Debug|Mixed Platforms.Build.0 = Debug|x86
		{485D9835-04BD-4A8A-8E6F-D14ED4ED18F0}.Debug|Win32.ActiveCfg = Debug|x86
		{485D9835-04BD-4A8A-8E6F-D14ED4ED18F0}.Debug|x64.ActiveCfg = Debug|x86
		{485D9835-04BD-4A8A-8E6F-D14ED4ED18F0}.Debug|x86.ActiveCfg = Debug|x86
		{485D9835-04BD-4A8A-8E6F-D14ED4ED18F0}.Debug|x86.Build.0 = Debug|x86
		{485D9835-04BD-4A8A-8E6F-D14ED4ED18F0}.Release|Any CPU.ActiveCfg = Release|Any CPU
		{485D9835-04BD-4A8A-8E6F-D14ED4ED18F0}.Release|Any CPU.Build.0 = Release|Any CPU
		{485D9835-04BD-4A8A-8E6F-D14ED4ED18F0}.Release|Mixed Platforms.ActiveCfg = Release|x86
		{485D9835-04BD-4A8A-8E6F-D14ED4ED18F0}.Release|Mixed Platforms.Build.0 = Release|x86
		{485D9835-04BD-4A8A-8E6F-D14ED4ED18F0}.Release|Win32.ActiveCfg = Release|x86
		{485D9835-04BD-4A8A-8E6F-D14ED4ED18F0}.Release|x64.ActiveCfg = Release|x86
		{485D9835-04BD-4A8A-8E6F-D14ED4ED18F0}.Release|x86.ActiveCfg = Release|x86
		{485D9835-04BD-4A8A-8E6F-D14ED4ED18F0}.Release|x86.Build.0 = Release|x86
		{206CBFBD-473B-4D37-B732-25E0AA80FC4D}.Debug|Any CPU.ActiveCfg = Debug|x86
		{206CBFBD-473B-4D37-B732-25E0AA80FC4D}.Debug|Mixed Platforms.ActiveCfg = Debug|x86
		{206CBFBD-473B-4D37-B732-25E0AA80FC4D}.Debug|Mixed Platforms.Build.0 = Debug|x86
		{206CBFBD-473B-4D37-B732-25E0AA80FC4D}.Debug|Win32.ActiveCfg = Debug|x86
		{206CBFBD-473B-4D37-B732-25E0AA80FC4D}.Debug|x64.ActiveCfg = Debug|x86
		{206CBFBD-473B-4D37-B732-25E0AA80FC4D}.Debug|x86.ActiveCfg = Debug|x86
		{206CBFBD-473B-4D37-B732-25E0AA80FC4D}.Debug|x86.Build.0 = Debug|x86
		{206CBFBD-473B-4D37-B732-25E0AA80FC4D}.Release|Any CPU.ActiveCfg = Release|Any CPU
		{206CBFBD-473B-4D37-B732-25E0AA80FC4D}.Release|Any CPU.Build.0 = Release|Any CPU
		{206CBFBD-473B-4D37-B732-25E0AA80FC4D}.Release|Mixed Platforms.ActiveCfg = Release|x86
		{206CBFBD-473B-4D37-B732-25E0AA80FC4D}.Release|Mixed Platforms.Build.0 = Release|x86
		{206CBFBD-473B-4D37-B732-25E0AA80FC4D}.Release|Win32.ActiveCfg = Release|x86
		{206CBFBD-473B-4D37-B732-25E0AA80FC4D}.Release|x64.ActiveCfg = Release|x86
		{206CBFBD-473B-4D37-B732-25E0AA80FC4D}.Release|x86.ActiveCfg = Release|x86
		{206CBFBD-473B-4D37-B732-25E0AA80FC4D}.Release|x86.Build.0 = Release|x86
		{0EDBC8FF-DD6A-49D4-8E76-5DF9B0B0A2D2}.Debug|Any CPU.ActiveCfg = Debug|Any CPU
		{0EDBC8FF-DD6A-49D4-8E76-5DF9B0B0A2D2}.Debug|Any CPU.Build.0 = Debug|Any CPU
		{0EDBC8FF-DD6A-49D4-8E76-5DF9B0B0A2D2}.Debug|Mixed Platforms.ActiveCfg = Debug|Any CPU
		{0EDBC8FF-DD6A-49D4-8E76-5DF9B0B0A2D2}.Debug|Mixed Platforms.Build.0 = Debug|Any CPU
		{0EDBC8FF-DD6A-49D4-8E76-5DF9B0B0A2D2}.Debug|Win32.ActiveCfg = Debug|Any CPU
		{0EDBC8FF-DD6A-49D4-8E76-5DF9B0B0A2D2}.Debug|x64.ActiveCfg = Debug|Any CPU
		{0EDBC8FF-DD6A-49D4-8E76-5DF9B0B0A2D2}.Debug|x86.ActiveCfg = Debug|Any CPU
		{0EDBC8FF-DD6A-49D4-8E76-5DF9B0B0A2D2}.Release|Any CPU.ActiveCfg = Release|Any CPU
		{0EDBC8FF-DD6A-49D4-8E76-5DF9B0B0A2D2}.Release|Any CPU.Build.0 = Release|Any CPU
		{0EDBC8FF-DD6A-49D4-8E76-5DF9B0B0A2D2}.Release|Mixed Platforms.ActiveCfg = Release|Any CPU
		{0EDBC8FF-DD6A-49D4-8E76-5DF9B0B0A2D2}.Release|Mixed Platforms.Build.0 = Release|Any CPU
		{0EDBC8FF-DD6A-49D4-8E76-5DF9B0B0A2D2}.Release|Win32.ActiveCfg = Release|Any CPU
		{0EDBC8FF-DD6A-49D4-8E76-5DF9B0B0A2D2}.Release|x64.ActiveCfg = Release|Any CPU
		{0EDBC8FF-DD6A-49D4-8E76-5DF9B0B0A2D2}.Release|x86.ActiveCfg = Release|Any CPU
		{FF4B6C27-82CC-43A8-AEFC-4D72F9FA5E5D}.Debug|Any CPU.ActiveCfg = Debug|Any CPU
		{FF4B6C27-82CC-43A8-AEFC-4D72F9FA5E5D}.Debug|Any CPU.Build.0 = Debug|Any CPU
		{FF4B6C27-82CC-43A8-AEFC-4D72F9FA5E5D}.Debug|Mixed Platforms.ActiveCfg = Debug|Any CPU
		{FF4B6C27-82CC-43A8-AEFC-4D72F9FA5E5D}.Debug|Mixed Platforms.Build.0 = Debug|Any CPU
		{FF4B6C27-82CC-43A8-AEFC-4D72F9FA5E5D}.Debug|Win32.ActiveCfg = Debug|Any CPU
		{FF4B6C27-82CC-43A8-AEFC-4D72F9FA5E5D}.Debug|x64.ActiveCfg = Debug|Any CPU
		{FF4B6C27-82CC-43A8-AEFC-4D72F9FA5E5D}.Debug|x86.ActiveCfg = Debug|Any CPU
		{FF4B6C27-82CC-43A8-AEFC-4D72F9FA5E5D}.Release|Any CPU.ActiveCfg = Release|Any CPU
		{FF4B6C27-82CC-43A8-AEFC-4D72F9FA5E5D}.Release|Any CPU.Build.0 = Release|Any CPU
		{FF4B6C27-82CC-43A8-AEFC-4D72F9FA5E5D}.Release|Mixed Platforms.ActiveCfg = Release|Any CPU
		{FF4B6C27-82CC-43A8-AEFC-4D72F9FA5E5D}.Release|Mixed Platforms.Build.0 = Release|Any CPU
		{FF4B6C27-82CC-43A8-AEFC-4D72F9FA5E5D}.Release|Win32.ActiveCfg = Release|Any CPU
		{FF4B6C27-82CC-43A8-AEFC-4D72F9FA5E5D}.Release|x64.ActiveCfg = Release|Any CPU
		{FF4B6C27-82CC-43A8-AEFC-4D72F9FA5E5D}.Release|x86.ActiveCfg = Release|Any CPU
		{3083ADF8-6E31-4388-B86A-E5C606A4DDAA}.Debug|Any CPU.ActiveCfg = Debug|x86
		{3083ADF8-6E31-4388-B86A-E5C606A4DDAA}.Debug|Mixed Platforms.ActiveCfg = Debug|x86
		{3083ADF8-6E31-4388-B86A-E5C606A4DDAA}.Debug|Mixed Platforms.Build.0 = Debug|x86
		{3083ADF8-6E31-4388-B86A-E5C606A4DDAA}.Debug|Win32.ActiveCfg = Debug|x86
		{3083ADF8-6E31-4388-B86A-E5C606A4DDAA}.Debug|x64.ActiveCfg = Debug|x86
		{3083ADF8-6E31-4388-B86A-E5C606A4DDAA}.Debug|x86.ActiveCfg = Debug|x86
		{3083ADF8-6E31-4388-B86A-E5C606A4DDAA}.Debug|x86.Build.0 = Debug|x86
		{3083ADF8-6E31-4388-B86A-E5C606A4DDAA}.Release|Any CPU.ActiveCfg = Release|Any CPU
		{3083ADF8-6E31-4388-B86A-E5C606A4DDAA}.Release|Any CPU.Build.0 = Release|Any CPU
		{3083ADF8-6E31-4388-B86A-E5C606A4DDAA}.Release|Mixed Platforms.ActiveCfg = Release|x86
		{3083ADF8-6E31-4388-B86A-E5C606A4DDAA}.Release|Mixed Platforms.Build.0 = Release|x86
		{3083ADF8-6E31-4388-B86A-E5C606A4DDAA}.Release|Win32.ActiveCfg = Release|x86
		{3083ADF8-6E31-4388-B86A-E5C606A4DDAA}.Release|x64.ActiveCfg = Release|x86
		{3083ADF8-6E31-4388-B86A-E5C606A4DDAA}.Release|x86.ActiveCfg = Release|x86
		{3083ADF8-6E31-4388-B86A-E5C606A4DDAA}.Release|x86.Build.0 = Release|x86
		{69FA421A-94F1-4EB7-900A-227243593FDA}.Debug|Any CPU.ActiveCfg = Debug|Any CPU
		{69FA421A-94F1-4EB7-900A-227243593FDA}.Debug|Any CPU.Build.0 = Debug|Any CPU
		{69FA421A-94F1-4EB7-900A-227243593FDA}.Debug|Mixed Platforms.ActiveCfg = Debug|Any CPU
		{69FA421A-94F1-4EB7-900A-227243593FDA}.Debug|Mixed Platforms.Build.0 = Debug|Any CPU
		{69FA421A-94F1-4EB7-900A-227243593FDA}.Debug|Win32.ActiveCfg = Debug|Any CPU
		{69FA421A-94F1-4EB7-900A-227243593FDA}.Debug|x64.ActiveCfg = Debug|Any CPU
		{69FA421A-94F1-4EB7-900A-227243593FDA}.Debug|x86.ActiveCfg = Debug|Any CPU
		{69FA421A-94F1-4EB7-900A-227243593FDA}.Release|Any CPU.ActiveCfg = Release|Any CPU
		{69FA421A-94F1-4EB7-900A-227243593FDA}.Release|Any CPU.Build.0 = Release|Any CPU
		{69FA421A-94F1-4EB7-900A-227243593FDA}.Release|Mixed Platforms.ActiveCfg = Release|Any CPU
		{69FA421A-94F1-4EB7-900A-227243593FDA}.Release|Mixed Platforms.Build.0 = Release|Any CPU
		{69FA421A-94F1-4EB7-900A-227243593FDA}.Release|Win32.ActiveCfg = Release|Any CPU
		{69FA421A-94F1-4EB7-900A-227243593FDA}.Release|x64.ActiveCfg = Release|Any CPU
		{69FA421A-94F1-4EB7-900A-227243593FDA}.Release|x86.ActiveCfg = Release|Any CPU
		{828B864C-2522-48F5-A166-E44997131E6F}.Debug|Any CPU.ActiveCfg = Debug|x86
		{828B864C-2522-48F5-A166-E44997131E6F}.Debug|Mixed Platforms.ActiveCfg = Debug|x86
		{828B864C-2522-48F5-A166-E44997131E6F}.Debug|Mixed Platforms.Build.0 = Debug|x86
		{828B864C-2522-48F5-A166-E44997131E6F}.Debug|Win32.ActiveCfg = Debug|x86
		{828B864C-2522-48F5-A166-E44997131E6F}.Debug|x64.ActiveCfg = Debug|x86
		{828B864C-2522-48F5-A166-E44997131E6F}.Debug|x86.ActiveCfg = Debug|x86
		{828B864C-2522-48F5-A166-E44997131E6F}.Debug|x86.Build.0 = Debug|x86
		{828B864C-2522-48F5-A166-E44997131E6F}.Release|Any CPU.ActiveCfg = Release|Any CPU
		{828B864C-2522-48F5-A166-E44997131E6F}.Release|Any CPU.Build.0 = Release|Any CPU
		{828B864C-2522-48F5-A166-E44997131E6F}.Release|Mixed Platforms.ActiveCfg = Release|x86
		{828B864C-2522-48F5-A166-E44997131E6F}.Release|Mixed Platforms.Build.0 = Release|x86
		{828B864C-2522-48F5-A166-E44997131E6F}.Release|Win32.ActiveCfg = Release|x86
		{828B864C-2522-48F5-A166-E44997131E6F}.Release|x64.ActiveCfg = Release|x86
		{828B864C-2522-48F5-A166-E44997131E6F}.Release|x86.ActiveCfg = Release|x86
		{828B864C-2522-48F5-A166-E44997131E6F}.Release|x86.Build.0 = Release|x86
		{1C3AEBB6-252A-4310-98C7-4BBE659B25FE}.Debug|Any CPU.ActiveCfg = Debug|Any CPU
		{1C3AEBB6-252A-4310-98C7-4BBE659B25FE}.Debug|Any CPU.Build.0 = Debug|Any CPU
		{1C3AEBB6-252A-4310-98C7-4BBE659B25FE}.Debug|Mixed Platforms.ActiveCfg = Debug|Any CPU
		{1C3AEBB6-252A-4310-98C7-4BBE659B25FE}.Debug|Mixed Platforms.Build.0 = Debug|Any CPU
		{1C3AEBB6-252A-4310-98C7-4BBE659B25FE}.Debug|Win32.ActiveCfg = Debug|Any CPU
		{1C3AEBB6-252A-4310-98C7-4BBE659B25FE}.Debug|x64.ActiveCfg = Debug|Any CPU
		{1C3AEBB6-252A-4310-98C7-4BBE659B25FE}.Debug|x86.ActiveCfg = Debug|Any CPU
		{1C3AEBB6-252A-4310-98C7-4BBE659B25FE}.Release|Any CPU.ActiveCfg = Release|Any CPU
		{1C3AEBB6-252A-4310-98C7-4BBE659B25FE}.Release|Any CPU.Build.0 = Release|Any CPU
		{1C3AEBB6-252A-4310-98C7-4BBE659B25FE}.Release|Mixed Platforms.ActiveCfg = Release|Any CPU
		{1C3AEBB6-252A-4310-98C7-4BBE659B25FE}.Release|Mixed Platforms.Build.0 = Release|Any CPU
		{1C3AEBB6-252A-4310-98C7-4BBE659B25FE}.Release|Win32.ActiveCfg = Release|Any CPU
		{1C3AEBB6-252A-4310-98C7-4BBE659B25FE}.Release|x64.ActiveCfg = Release|Any CPU
		{1C3AEBB6-252A-4310-98C7-4BBE659B25FE}.Release|x86.ActiveCfg = Release|Any CPU
		{43734F54-F8B9-4DD5-8B7B-E0654D11960E}.Debug|Any CPU.ActiveCfg = Debug|Any CPU
		{43734F54-F8B9-4DD5-8B7B-E0654D11960E}.Debug|Any CPU.Build.0 = Debug|Any CPU
		{43734F54-F8B9-4DD5-8B7B-E0654D11960E}.Debug|Mixed Platforms.ActiveCfg = Debug|Any CPU
		{43734F54-F8B9-4DD5-8B7B-E0654D11960E}.Debug|Mixed Platforms.Build.0 = Debug|Any CPU
		{43734F54-F8B9-4DD5-8B7B-E0654D11960E}.Debug|Win32.ActiveCfg = Debug|Any CPU
		{43734F54-F8B9-4DD5-8B7B-E0654D11960E}.Debug|x64.ActiveCfg = Debug|Any CPU
		{43734F54-F8B9-4DD5-8B7B-E0654D11960E}.Debug|x86.ActiveCfg = Debug|Any CPU
		{43734F54-F8B9-4DD5-8B7B-E0654D11960E}.Release|Any CPU.ActiveCfg = Release|Any CPU
		{43734F54-F8B9-4DD5-8B7B-E0654D11960E}.Release|Any CPU.Build.0 = Release|Any CPU
		{43734F54-F8B9-4DD5-8B7B-E0654D11960E}.Release|Mixed Platforms.ActiveCfg = Release|Any CPU
		{43734F54-F8B9-4DD5-8B7B-E0654D11960E}.Release|Mixed Platforms.Build.0 = Release|Any CPU
		{43734F54-F8B9-4DD5-8B7B-E0654D11960E}.Release|Win32.ActiveCfg = Release|Any CPU
		{43734F54-F8B9-4DD5-8B7B-E0654D11960E}.Release|x64.ActiveCfg = Release|Any CPU
		{43734F54-F8B9-4DD5-8B7B-E0654D11960E}.Release|x86.ActiveCfg = Release|Any CPU
		{B397AEDE-8A32-48E0-93DF-6D121990E6D8}.Debug|Any CPU.ActiveCfg = Debug|Any CPU
		{B397AEDE-8A32-48E0-93DF-6D121990E6D8}.Debug|Any CPU.Build.0 = Debug|Any CPU
		{B397AEDE-8A32-48E0-93DF-6D121990E6D8}.Debug|Mixed Platforms.ActiveCfg = Debug|Any CPU
		{B397AEDE-8A32-48E0-93DF-6D121990E6D8}.Debug|Mixed Platforms.Build.0 = Debug|Any CPU
		{B397AEDE-8A32-48E0-93DF-6D121990E6D8}.Debug|Win32.ActiveCfg = Debug|Any CPU
		{B397AEDE-8A32-48E0-93DF-6D121990E6D8}.Debug|x64.ActiveCfg = Debug|Any CPU
		{B397AEDE-8A32-48E0-93DF-6D121990E6D8}.Debug|x86.ActiveCfg = Debug|Any CPU
		{B397AEDE-8A32-48E0-93DF-6D121990E6D8}.Release|Any CPU.ActiveCfg = Release|Any CPU
		{B397AEDE-8A32-48E0-93DF-6D121990E6D8}.Release|Any CPU.Build.0 = Release|Any CPU
		{B397AEDE-8A32-48E0-93DF-6D121990E6D8}.Release|Mixed Platforms.ActiveCfg = Release|Any CPU
		{B397AEDE-8A32-48E0-93DF-6D121990E6D8}.Release|Mixed Platforms.Build.0 = Release|Any CPU
		{B397AEDE-8A32-48E0-93DF-6D121990E6D8}.Release|Win32.ActiveCfg = Release|Any CPU
		{B397AEDE-8A32-48E0-93DF-6D121990E6D8}.Release|x64.ActiveCfg = Release|Any CPU
		{B397AEDE-8A32-48E0-93DF-6D121990E6D8}.Release|x86.ActiveCfg = Release|Any CPU
		{12BA8AB1-ABBF-4D51-901B-FB20B42F55EF}.Debug|Any CPU.ActiveCfg = Debug|x86
		{12BA8AB1-ABBF-4D51-901B-FB20B42F55EF}.Debug|Mixed Platforms.ActiveCfg = Debug|x86
		{12BA8AB1-ABBF-4D51-901B-FB20B42F55EF}.Debug|Mixed Platforms.Build.0 = Debug|x86
		{12BA8AB1-ABBF-4D51-901B-FB20B42F55EF}.Debug|Win32.ActiveCfg = Debug|x86
		{12BA8AB1-ABBF-4D51-901B-FB20B42F55EF}.Debug|x64.ActiveCfg = Debug|x86
		{12BA8AB1-ABBF-4D51-901B-FB20B42F55EF}.Debug|x86.ActiveCfg = Debug|x86
		{12BA8AB1-ABBF-4D51-901B-FB20B42F55EF}.Debug|x86.Build.0 = Debug|x86
		{12BA8AB1-ABBF-4D51-901B-FB20B42F55EF}.Release|Any CPU.ActiveCfg = Release|x86
		{12BA8AB1-ABBF-4D51-901B-FB20B42F55EF}.Release|Mixed Platforms.ActiveCfg = Release|x86
		{12BA8AB1-ABBF-4D51-901B-FB20B42F55EF}.Release|Mixed Platforms.Build.0 = Release|x86
		{12BA8AB1-ABBF-4D51-901B-FB20B42F55EF}.Release|Win32.ActiveCfg = Release|x86
		{12BA8AB1-ABBF-4D51-901B-FB20B42F55EF}.Release|x64.ActiveCfg = Release|x86
		{12BA8AB1-ABBF-4D51-901B-FB20B42F55EF}.Release|x86.ActiveCfg = Release|x86
		{12BA8AB1-ABBF-4D51-901B-FB20B42F55EF}.Release|x86.Build.0 = Release|x86
	EndGlobalSection
	GlobalSection(SolutionProperties) = preSolution
		HideSolutionNode = FALSE
	EndGlobalSection
	GlobalSection(NestedProjects) = preSolution
		{AAC76230-0E14-4F65-8300-01CDF6388A1D} = {5B1B304A-2678-479D-A98D-CC2F94B37CDF}
		{485D9835-04BD-4A8A-8E6F-D14ED4ED18F0} = {5B1B304A-2678-479D-A98D-CC2F94B37CDF}
		{0EDBC8FF-DD6A-49D4-8E76-5DF9B0B0A2D2} = {5B1B304A-2678-479D-A98D-CC2F94B37CDF}
		{FF4B6C27-82CC-43A8-AEFC-4D72F9FA5E5D} = {5B1B304A-2678-479D-A98D-CC2F94B37CDF}
		{69FA421A-94F1-4EB7-900A-227243593FDA} = {5B1B304A-2678-479D-A98D-CC2F94B37CDF}
		{1C3AEBB6-252A-4310-98C7-4BBE659B25FE} = {5B1B304A-2678-479D-A98D-CC2F94B37CDF}
		{B397AEDE-8A32-48E0-93DF-6D121990E6D8} = {5B1B304A-2678-479D-A98D-CC2F94B37CDF}
		{F4F4C49F-1D5B-4A1F-A01E-F0E95D09B3BC} = {DE03025A-FA3F-47D9-A3A4-8F0F7A6DF45C}
		{3083ADF8-6E31-4388-B86A-E5C606A4DDAA} = {DE03025A-FA3F-47D9-A3A4-8F0F7A6DF45C}
		{828B864C-2522-48F5-A166-E44997131E6F} = {DE03025A-FA3F-47D9-A3A4-8F0F7A6DF45C}
		{43734F54-F8B9-4DD5-8B7B-E0654D11960E} = {DE03025A-FA3F-47D9-A3A4-8F0F7A6DF45C}
		{12BA8AB1-ABBF-4D51-901B-FB20B42F55EF} = {DE03025A-FA3F-47D9-A3A4-8F0F7A6DF45C}
		{206CBFBD-473B-4D37-B732-25E0AA80FC4D} = {4F154050-BC76-42F1-8123-571053C4D71E}
	EndGlobalSection
EndGlobal
