
Microsoft Visual Studio Solution File, Format Version 12.00
# Visual Studio 2012
Project("{2150E333-8FDC-42A3-9474-1A3956D46DE8}") = "deploy", "deploy", "{D276727F-0F17-4D86-BD4F-F823356BADD3}"
EndProject
Project("{2150E333-8FDC-42A3-9474-1A3956D46DE8}") = "samples", "samples", "{BFEF4B21-536B-4F35-8088-E3DCCE373285}"
EndProject
Project("{2150E333-8FDC-42A3-9474-1A3956D46DE8}") = "src", "src", "{D38BBE97-EFB8-459B-A199-15A7682C876E}"
EndProject
Project("{2150E333-8FDC-42A3-9474-1A3956D46DE8}") = "tests", "tests", "{A5C10BA0-2E39-4FEA-9CD9-1B2E65F6425D}"
EndProject
Project("{F2A71F9B-5D33-465A-A702-920D77279786}") = "Alea.CUDA.Utilities", "src\Alea.CUDA.Utilities\Alea.CUDA.Utilities.fsproj", "{CBA6A985-5910-45EE-BB08-9B6F36AC74BE}"
EndProject
Project("{2150E333-8FDC-42A3-9474-1A3956D46DE8}") = ".nuget", ".nuget", "{5CB62A33-7682-4F2C-A7F9-0DDE75CBE968}"
	ProjectSection(SolutionItems) = preProject
		.nuget\NuGet.Config = .nuget\NuGet.Config
		.nuget\NuGet.exe = .nuget\NuGet.exe
		.nuget\NuGet.targets = .nuget\NuGet.targets
	EndProjectSection
EndProject
Project("{F2A71F9B-5D33-465A-A702-920D77279786}") = "MatrixMul", "samples\MatrixMul\MatrixMul.fsproj", "{B01F0618-887B-48CA-BEAE-F0720EDE2008}"
EndProject
Project("{F2A71F9B-5D33-465A-A702-920D77279786}") = "LaunchingTime", "samples\LaunchingTime\LaunchingTime.fsproj", "{3FCA88DA-5C39-4541-8821-9C6EACD3E58B}"
EndProject
Project("{F2A71F9B-5D33-465A-A702-920D77279786}") = "DeviceQuery", "samples\DeviceQuery\DeviceQuery.fsproj", "{6711FF83-032D-4261-83AF-EFA207BB6CA5}"
EndProject
Project("{F2A71F9B-5D33-465A-A702-920D77279786}") = "SimpleD3D9", "samples\SimpleD3D9\SimpleD3D9.fsproj", "{00FB7287-404F-489A-A328-13CD7DF28356}"
EndProject
Project("{F2A71F9B-5D33-465A-A702-920D77279786}") = "XorShift7", "samples\XorShift7\XorShift7.fsproj", "{A760D69B-39F2-401C-9054-F51008457D2C}"
EndProject
Project("{F2A71F9B-5D33-465A-A702-920D77279786}") = "Alea.CUDA.TestUtilities", "src\Alea.CUDA.TestUtilities\Alea.CUDA.TestUtilities.fsproj", "{36B79188-29A3-4458-B0B9-301231204177}"
EndProject
Project("{F2A71F9B-5D33-465A-A702-920D77279786}") = "Test.Sample", "tests\Test.Sample\Test.Sample.fsproj", "{CC858C62-6E3A-4DA9-9DDD-16D422569257}"
EndProject
Project("{F2A71F9B-5D33-465A-A702-920D77279786}") = "Sobol", "samples\Sobol\Sobol.fsproj", "{B419C7BF-9EF1-4491-BEAF-721CC1BF1BFE}"
EndProject
Project("{F2A71F9B-5D33-465A-A702-920D77279786}") = "TriDiag", "samples\TriDiag\TriDiag.fsproj", "{2FD23A80-FBB1-46BA-AE4D-1D3E13BECC97}"
EndProject
Global
	GlobalSection(SolutionConfigurationPlatforms) = preSolution
		Debug|Any CPU = Debug|Any CPU
		Release|Any CPU = Release|Any CPU
	EndGlobalSection
	GlobalSection(ProjectConfigurationPlatforms) = postSolution
		{CBA6A985-5910-45EE-BB08-9B6F36AC74BE}.Debug|Any CPU.ActiveCfg = Debug|Any CPU
		{CBA6A985-5910-45EE-BB08-9B6F36AC74BE}.Debug|Any CPU.Build.0 = Debug|Any CPU
		{CBA6A985-5910-45EE-BB08-9B6F36AC74BE}.Release|Any CPU.ActiveCfg = Release|Any CPU
		{CBA6A985-5910-45EE-BB08-9B6F36AC74BE}.Release|Any CPU.Build.0 = Release|Any CPU
		{B01F0618-887B-48CA-BEAE-F0720EDE2008}.Debug|Any CPU.ActiveCfg = Debug|Any CPU
		{B01F0618-887B-48CA-BEAE-F0720EDE2008}.Debug|Any CPU.Build.0 = Debug|Any CPU
		{B01F0618-887B-48CA-BEAE-F0720EDE2008}.Release|Any CPU.ActiveCfg = Release|Any CPU
		{B01F0618-887B-48CA-BEAE-F0720EDE2008}.Release|Any CPU.Build.0 = Release|Any CPU
		{3FCA88DA-5C39-4541-8821-9C6EACD3E58B}.Debug|Any CPU.ActiveCfg = Debug|Any CPU
		{3FCA88DA-5C39-4541-8821-9C6EACD3E58B}.Debug|Any CPU.Build.0 = Debug|Any CPU
		{3FCA88DA-5C39-4541-8821-9C6EACD3E58B}.Release|Any CPU.ActiveCfg = Release|Any CPU
		{3FCA88DA-5C39-4541-8821-9C6EACD3E58B}.Release|Any CPU.Build.0 = Release|Any CPU
		{6711FF83-032D-4261-83AF-EFA207BB6CA5}.Debug|Any CPU.ActiveCfg = Debug|Any CPU
		{6711FF83-032D-4261-83AF-EFA207BB6CA5}.Debug|Any CPU.Build.0 = Debug|Any CPU
		{6711FF83-032D-4261-83AF-EFA207BB6CA5}.Release|Any CPU.ActiveCfg = Release|Any CPU
		{6711FF83-032D-4261-83AF-EFA207BB6CA5}.Release|Any CPU.Build.0 = Release|Any CPU
		{00FB7287-404F-489A-A328-13CD7DF28356}.Debug|Any CPU.ActiveCfg = Debug|Any CPU
		{00FB7287-404F-489A-A328-13CD7DF28356}.Debug|Any CPU.Build.0 = Debug|Any CPU
		{00FB7287-404F-489A-A328-13CD7DF28356}.Release|Any CPU.ActiveCfg = Release|Any CPU
		{00FB7287-404F-489A-A328-13CD7DF28356}.Release|Any CPU.Build.0 = Release|Any CPU
		{A760D69B-39F2-401C-9054-F51008457D2C}.Debug|Any CPU.ActiveCfg = Debug|Any CPU
		{A760D69B-39F2-401C-9054-F51008457D2C}.Debug|Any CPU.Build.0 = Debug|Any CPU
		{A760D69B-39F2-401C-9054-F51008457D2C}.Release|Any CPU.ActiveCfg = Release|Any CPU
		{A760D69B-39F2-401C-9054-F51008457D2C}.Release|Any CPU.Build.0 = Release|Any CPU
		{36B79188-29A3-4458-B0B9-301231204177}.Debug|Any CPU.ActiveCfg = Debug|Any CPU
		{36B79188-29A3-4458-B0B9-301231204177}.Debug|Any CPU.Build.0 = Debug|Any CPU
		{36B79188-29A3-4458-B0B9-301231204177}.Release|Any CPU.ActiveCfg = Release|Any CPU
		{36B79188-29A3-4458-B0B9-301231204177}.Release|Any CPU.Build.0 = Release|Any CPU
		{CC858C62-6E3A-4DA9-9DDD-16D422569257}.Debug|Any CPU.ActiveCfg = Debug|Any CPU
		{CC858C62-6E3A-4DA9-9DDD-16D422569257}.Debug|Any CPU.Build.0 = Debug|Any CPU
		{CC858C62-6E3A-4DA9-9DDD-16D422569257}.Release|Any CPU.ActiveCfg = Release|Any CPU
		{CC858C62-6E3A-4DA9-9DDD-16D422569257}.Release|Any CPU.Build.0 = Release|Any CPU
		{B419C7BF-9EF1-4491-BEAF-721CC1BF1BFE}.Debug|Any CPU.ActiveCfg = Debug|Any CPU
		{B419C7BF-9EF1-4491-BEAF-721CC1BF1BFE}.Debug|Any CPU.Build.0 = Debug|Any CPU
		{B419C7BF-9EF1-4491-BEAF-721CC1BF1BFE}.Release|Any CPU.ActiveCfg = Release|Any CPU
		{B419C7BF-9EF1-4491-BEAF-721CC1BF1BFE}.Release|Any CPU.Build.0 = Release|Any CPU
		{2FD23A80-FBB1-46BA-AE4D-1D3E13BECC97}.Debug|Any CPU.ActiveCfg = Debug|Any CPU
		{2FD23A80-FBB1-46BA-AE4D-1D3E13BECC97}.Debug|Any CPU.Build.0 = Debug|Any CPU
		{2FD23A80-FBB1-46BA-AE4D-1D3E13BECC97}.Release|Any CPU.ActiveCfg = Release|Any CPU
		{2FD23A80-FBB1-46BA-AE4D-1D3E13BECC97}.Release|Any CPU.Build.0 = Release|Any CPU
	EndGlobalSection
	GlobalSection(SolutionProperties) = preSolution
		HideSolutionNode = FALSE
	EndGlobalSection
	GlobalSection(NestedProjects) = preSolution
		{B01F0618-887B-48CA-BEAE-F0720EDE2008} = {BFEF4B21-536B-4F35-8088-E3DCCE373285}
		{3FCA88DA-5C39-4541-8821-9C6EACD3E58B} = {BFEF4B21-536B-4F35-8088-E3DCCE373285}
		{6711FF83-032D-4261-83AF-EFA207BB6CA5} = {BFEF4B21-536B-4F35-8088-E3DCCE373285}
		{00FB7287-404F-489A-A328-13CD7DF28356} = {BFEF4B21-536B-4F35-8088-E3DCCE373285}
		{A760D69B-39F2-401C-9054-F51008457D2C} = {BFEF4B21-536B-4F35-8088-E3DCCE373285}
		{B419C7BF-9EF1-4491-BEAF-721CC1BF1BFE} = {BFEF4B21-536B-4F35-8088-E3DCCE373285}
		{2FD23A80-FBB1-46BA-AE4D-1D3E13BECC97} = {BFEF4B21-536B-4F35-8088-E3DCCE373285}
		{CBA6A985-5910-45EE-BB08-9B6F36AC74BE} = {D38BBE97-EFB8-459B-A199-15A7682C876E}
		{36B79188-29A3-4458-B0B9-301231204177} = {D38BBE97-EFB8-459B-A199-15A7682C876E}
		{CC858C62-6E3A-4DA9-9DDD-16D422569257} = {A5C10BA0-2E39-4FEA-9CD9-1B2E65F6425D}
	EndGlobalSection
EndGlobal
